# This is a Gradle generated file for dependency locking.
# Manual edits can break the build and are not advised.
# This file is expected to be part of source control.
# To regenerate this file, run: ./gradlew :fileweft-spring-boot2-starter:dependencies --write-locks
ch.qos.logback:logback-classic:1.2.12=kingbaseFlyway8Runtime,testCompileClasspath,testImplementationDependenciesMetadata,testRuntimeClasspath
ch.qos.logback:logback-core:1.2.12=kingbaseFlyway8Runtime,testCompileClasspath,testImplementationDependenciesMetadata,testRuntimeClasspath
cn.com.kingbase:kingbase8:8.6.1=kingbaseFlyway8Runtime,runtimeClasspath,testRuntimeClasspath
com.fasterxml.jackson.core:jackson-annotations:2.17.3=apiDependenciesMetadata,compileClasspath,implementationDependenciesMetadata,kingbaseFlyway8Runtime,runtimeClasspath,testCompileClasspath,testImplementationDependenciesMetadata,testRuntimeClasspath
com.fasterxml.jackson.core:jackson-core:2.17.3=apiDependenciesMetadata,compileClasspath,implementationDependenciesMetadata,kingbaseFlyway8Runtime,runtimeClasspath,testCompileClasspath,testImplementationDependenciesMetadata,testRuntimeClasspath
com.fasterxml.jackson.core:jackson-databind:2.17.3=apiDependenciesMetadata,compileClasspath,implementationDependenciesMetadata,kingbaseFlyway8Runtime,runtimeClasspath,testCompileClasspath,testImplementationDependenciesMetadata,testRuntimeClasspath
com.fasterxml.jackson.dataformat:jackson-dataformat-toml:2.17.3=runtimeClasspath,testRuntimeClasspath
com.fasterxml.jackson:jackson-bom:2.17.3=apiDependenciesMetadata,compileClasspath,implementationDependenciesMetadata,kingbaseFlyway8Runtime,runtimeClasspath,testCompileClasspath,testImplementationDependenciesMetadata,testRuntimeClasspath
com.google.code.gson:gson:2.10.1=runtimeClasspath,testRuntimeClasspath
com.google.protobuf:protobuf-java:3.21.9=kingbaseFlyway8Runtime,runtimeClasspath,testRuntimeClasspath
com.google.re2j:re2j:1.8=kingbaseFlyway8Runtime,runtimeClasspath,testRuntimeClasspath
com.mysql:mysql-connector-j:8.0.33=kingbaseFlyway8Runtime,runtimeClasspath,testRuntimeClasspath
com.zaxxer:HikariCP:4.0.3=kingbaseFlyway8Runtime,testCompileClasspath,testImplementationDependenciesMetadata,testRuntimeClasspath
io.micrometer:micrometer-commons:1.10.13=apiDependenciesMetadata,compileClasspath,implementationDependenciesMetadata,kingbaseFlyway8Runtime,runtimeClasspath,testCompileClasspath,testImplementationDependenciesMetadata,testRuntimeClasspath
io.micrometer:micrometer-core:1.10.13=apiDependenciesMetadata,compileClasspath,implementationDependenciesMetadata,kingbaseFlyway8Runtime,runtimeClasspath,testCompileClasspath,testImplementationDependenciesMetadata,testRuntimeClasspath
io.micrometer:micrometer-observation:1.10.13=apiDependenciesMetadata,compileClasspath,implementationDependenciesMetadata,kingbaseFlyway8Runtime,runtimeClasspath,testCompileClasspath,testImplementationDependenciesMetadata,testRuntimeClasspath
jakarta.annotation:jakarta.annotation-api:1.3.5=kingbaseFlyway8Runtime,testCompileClasspath,testImplementationDependenciesMetadata,testRuntimeClasspath
net.bytebuddy:byte-buddy:1.14.18=kingbaseFlyway8Runtime,testCompileClasspath,testImplementationDependenciesMetadata,testRuntimeClasspath
org.apache.logging.log4j:log4j-api:2.17.2=kingbaseFlyway8Runtime,testCompileClasspath,testImplementationDependenciesMetadata,testRuntimeClasspath
org.apache.logging.log4j:log4j-to-slf4j:2.17.2=kingbaseFlyway8Runtime,testCompileClasspath,testImplementationDependenciesMetadata,testRuntimeClasspath
org.apiguardian:apiguardian-api:1.1.2=testCompileClasspath,testImplementationDependenciesMetadata
org.assertj:assertj-core:3.26.3=kingbaseFlyway8Runtime,testCompileClasspath,testImplementationDependenciesMetadata,testRuntimeClasspath
org.checkerframework:checker-qual:3.42.0=kingbaseFlyway8Runtime,runtimeClasspath,testRuntimeClasspath
org.flywaydb:flyway-core:8.5.13=compileClasspath,compileOnlyDependenciesMetadata,kingbaseFlyway8Runtime,testCompileClasspath,testCompileOnlyDependenciesMetadata
org.flywaydb:flyway-core:9.22.3=runtimeClasspath,testRuntimeClasspath
org.flywaydb:flyway-mysql:8.5.13=kingbaseFlyway8Runtime
org.flywaydb:flyway-mysql:9.22.3=runtimeClasspath,testRuntimeClasspath
org.hdrhistogram:HdrHistogram:2.1.12=kingbaseFlyway8Runtime,runtimeClasspath,testRuntimeClasspath
org.jetbrains.intellij.deps:trove4j:1.0.20200330=kotlinBuildToolsApiClasspath,kotlinCompilerClasspath,kotlinKlibCommonizerClasspath
org.jetbrains.kotlin:kotlin-annotation-processing-gradle:2.1.21=kotlinCompilerPluginClasspathMain,kotlinCompilerPluginClasspathTest,kotlinKaptWorkerDependencies
org.jetbrains.kotlin:kotlin-build-tools-api:2.1.21=kotlinBuildToolsApiClasspath
org.jetbrains.kotlin:kotlin-build-tools-impl:2.1.21=kotlinBuildToolsApiClasspath
org.jetbrains.kotlin:kotlin-compiler-embeddable:2.1.21=kotlinBuildToolsApiClasspath,kotlinCompilerClasspath,kotlinKlibCommonizerClasspath
org.jetbrains.kotlin:kotlin-compiler-runner:2.1.21=kotlinBuildToolsApiClasspath
org.jetbrains.kotlin:kotlin-daemon-client:2.1.21=kotlinBuildToolsApiClasspath
org.jetbrains.kotlin:kotlin-daemon-embeddable:2.1.21=kotlinBuildToolsApiClasspath,kotlinCompilerClasspath,kotlinKlibCommonizerClasspath
org.jetbrains.kotlin:kotlin-klib-commonizer-embeddable:2.1.21=kotlinKlibCommonizerClasspath
org.jetbrains.kotlin:kotlin-reflect:1.6.10=kotlinBuildToolsApiClasspath,kotlinCompilerClasspath,kotlinKlibCommonizerClasspath
org.jetbrains.kotlin:kotlin-script-runtime:2.1.21=kotlinBuildToolsApiClasspath,kotlinCompilerClasspath,kotlinCompilerPluginClasspathMain,kotlinCompilerPluginClasspathTest,kotlinKlibCommonizerClasspath
org.jetbrains.kotlin:kotlin-scripting-common:2.1.21=kotlinBuildToolsApiClasspath,kotlinCompilerPluginClasspathMain,kotlinCompilerPluginClasspathTest
org.jetbrains.kotlin:kotlin-scripting-compiler-embeddable:2.1.21=kotlinBuildToolsApiClasspath,kotlinCompilerPluginClasspathMain,kotlinCompilerPluginClasspathTest
org.jetbrains.kotlin:kotlin-scripting-compiler-impl-embeddable:2.1.21=kotlinBuildToolsApiClasspath,kotlinCompilerPluginClasspathMain,kotlinCompilerPluginClasspathTest
org.jetbrains.kotlin:kotlin-scripting-jvm:2.1.21=kotlinBuildToolsApiClasspath,kotlinCompilerPluginClasspathMain,kotlinCompilerPluginClasspathTest
org.jetbrains.kotlin:kotlin-stdlib:2.1.21=apiDependenciesMetadata,compileClasspath,implementationDependenciesMetadata,kingbaseFlyway8Runtime,kotlinBuildToolsApiClasspath,kotlinCompilerClasspath,kotlinCompilerPluginClasspathMain,kotlinCompilerPluginClasspathTest,kotlinKaptWorkerDependencies,kotlinKlibCommonizerClasspath,runtimeClasspath,testCompileClasspath,testImplementationDependenciesMetadata,testRuntimeClasspath
org.jetbrains.kotlin:kotlin-test-junit5:2.1.21=kingbaseFlyway8Runtime,testCompileClasspath,testRuntimeClasspath
org.jetbrains.kotlin:kotlin-test:2.1.21=kingbaseFlyway8Runtime,testCompileClasspath,testImplementationDependenciesMetadata,testRuntimeClasspath
org.jetbrains.kotlinx:kotlinx-coroutines-core-jvm:1.8.0=kotlinBuildToolsApiClasspath,kotlinCompilerClasspath,kotlinKlibCommonizerClasspath
org.jetbrains:annotations:13.0=compileClasspath,kingbaseFlyway8Runtime,kotlinBuildToolsApiClasspath,kotlinCompilerClasspath,kotlinCompilerPluginClasspathMain,kotlinCompilerPluginClasspathTest,kotlinKaptWorkerDependencies,kotlinKlibCommonizerClasspath,runtimeClasspath,testCompileClasspath,testRuntimeClasspath
org.junit.jupiter:junit-jupiter-api:5.11.4=kingbaseFlyway8Runtime,testCompileClasspath,testImplementationDependenciesMetadata,testRuntimeClasspath
org.junit.jupiter:junit-jupiter-engine:5.11.4=kingbaseFlyway8Runtime,testRuntimeClasspath
org.junit.jupiter:junit-jupiter-params:5.11.4=kingbaseFlyway8Runtime,testCompileClasspath,testImplementationDependenciesMetadata,testRuntimeClasspath
org.junit.jupiter:junit-jupiter:5.11.4=kingbaseFlyway8Runtime,testCompileClasspath,testImplementationDependenciesMetadata,testRuntimeClasspath
org.junit.platform:junit-platform-commons:1.11.4=kingbaseFlyway8Runtime,testCompileClasspath,testImplementationDependenciesMetadata,testRuntimeClasspath
org.junit.platform:junit-platform-engine:1.11.4=kingbaseFlyway8Runtime,testRuntimeClasspath
org.junit.platform:junit-platform-launcher:1.11.4=kingbaseFlyway8Runtime,testRuntimeClasspath
org.junit:junit-bom:5.11.4=kingbaseFlyway8Runtime,testCompileClasspath,testImplementationDependenciesMetadata,testRuntimeClasspath
org.latencyutils:LatencyUtils:2.0.3=kingbaseFlyway8Runtime,runtimeClasspath,testRuntimeClasspath
org.opentest4j:opentest4j:1.3.0=kingbaseFlyway8Runtime,testCompileClasspath,testImplementationDependenciesMetadata,testRuntimeClasspath
org.postgresql:postgresql:42.7.4=kingbaseFlyway8Runtime,runtimeClasspath,testRuntimeClasspath
org.slf4j:jul-to-slf4j:1.7.36=kingbaseFlyway8Runtime,testCompileClasspath,testImplementationDependenciesMetadata,testRuntimeClasspath
org.slf4j:slf4j-api:1.7.36=apiDependenciesMetadata,compileClasspath,implementationDependenciesMetadata,kingbaseFlyway8Runtime,runtimeClasspath,testCompileClasspath,testImplementationDependenciesMetadata,testRuntimeClasspath
org.springframework.boot:spring-boot-autoconfigure:2.7.18=apiDependenciesMetadata,compileClasspath,implementationDependenciesMetadata,kingbaseFlyway8Runtime,runtimeClasspath,testCompileClasspath,testImplementationDependenciesMetadata,testRuntimeClasspath
org.springframework.boot:spring-boot-configuration-processor:2.7.18=kapt,kaptClasspath_kaptKotlin,kaptClasspath_kaptTestKotlin,kaptTest
org.springframework.boot:spring-boot-starter-jdbc:2.7.18=kingbaseFlyway8Runtime,testCompileClasspath,testImplementationDependenciesMetadata,testRuntimeClasspath
org.springframework.boot:spring-boot-starter-logging:2.7.18=kingbaseFlyway8Runtime,testCompileClasspath,testImplementationDependenciesMetadata,testRuntimeClasspath
org.springframework.boot:spring-boot-starter:2.7.18=kingbaseFlyway8Runtime,testCompileClasspath,testImplementationDependenciesMetadata,testRuntimeClasspath
org.springframework.boot:spring-boot-test:2.7.18=kingbaseFlyway8Runtime,testCompileClasspath,testImplementationDependenciesMetadata,testRuntimeClasspath
org.springframework.boot:spring-boot:2.7.18=apiDependenciesMetadata,compileClasspath,implementationDependenciesMetadata,kingbaseFlyway8Runtime,runtimeClasspath,testCompileClasspath,testImplementationDependenciesMetadata,testRuntimeClasspath
org.springframework:spring-aop:5.3.31=apiDependenciesMetadata,compileClasspath,implementationDependenciesMetadata,kingbaseFlyway8Runtime,runtimeClasspath,testCompileClasspath,testImplementationDependenciesMetadata,testRuntimeClasspath
org.springframework:spring-beans:5.3.31=apiDependenciesMetadata,compileClasspath,implementationDependenciesMetadata,kingbaseFlyway8Runtime,runtimeClasspath,testCompileClasspath,testImplementationDependenciesMetadata,testRuntimeClasspath
org.springframework:spring-context:5.3.31=apiDependenciesMetadata,compileClasspath,implementationDependenciesMetadata,kingbaseFlyway8Runtime,runtimeClasspath,testCompileClasspath,testImplementationDependenciesMetadata,testRuntimeClasspath
org.springframework:spring-core:5.3.31=apiDependenciesMetadata,compileClasspath,implementationDependenciesMetadata,kingbaseFlyway8Runtime,runtimeClasspath,testCompileClasspath,testImplementationDependenciesMetadata,testRuntimeClasspath
org.springframework:spring-expression:5.3.31=apiDependenciesMetadata,compileClasspath,implementationDependenciesMetadata,kingbaseFlyway8Runtime,runtimeClasspath,testCompileClasspath,testImplementationDependenciesMetadata,testRuntimeClasspath
org.springframework:spring-jcl:5.3.31=apiDependenciesMetadata,compileClasspath,implementationDependenciesMetadata,kingbaseFlyway8Runtime,runtimeClasspath,testCompileClasspath,testImplementationDependenciesMetadata,testRuntimeClasspath
org.springframework:spring-jdbc:5.3.31=kingbaseFlyway8Runtime,testCompileClasspath,testImplementationDependenciesMetadata,testRuntimeClasspath
org.springframework:spring-tx:5.3.31=kingbaseFlyway8Runtime,testCompileClasspath,testImplementationDependenciesMetadata,testRuntimeClasspath
org.yaml:snakeyaml:1.30=kingbaseFlyway8Runtime,testCompileClasspath,testImplementationDependenciesMetadata,testRuntimeClasspath
empty=annotationProcessor,intransitiveDependenciesMetadata,kotlinCompilerPluginClasspath,kotlinNativeCompilerPluginClasspath,kotlinScriptDefExtensions,testAnnotationProcessor,testApiDependenciesMetadata,testIntransitiveDependenciesMetadata,testKotlinScriptDefExtensions
